
Microsoft Visual Studio Solution File, Format Version 12.00
# Visual Studio 15
VisualStudioVersion = 15.0.28307.1738
MinimumVisualStudioVersion = 10.0.40219.1
Project("{8BC9CEB8-8B4A-11D0-8D11-00A0C91BC942}") = "Lab1", "Lab1\Lab1.vcxproj", "{A25F5364-D75D-4F0C-89CD-3BFF78F219DD}"
EndProject
Project("{8BC9CEB8-8B4A-11D0-8D11-00A0C91BC942}") = "Lab2", "Lab2\Lab2.vcxproj", "{00B80C16-1458-429B-94B6-E6A745A35127}"
EndProject
Project("{8BC9CEB8-8B4A-11D0-8D11-00A0C91BC942}") = "Lab3", "Lab3\Lab3.vcxproj", "{5F0407C4-AEFA-4EB1-A0C0-9F6102ED764C}"
EndProject
Project("{8BC9CEB8-8B4A-11D0-8D11-00A0C91BC942}") = "Lab4", "Lab4\Lab4.vcxproj", "{1D03E078-7712-4778-A93C-A74CC301B7C0}"
EndProject
Project("{8BC9CEB8-8B4A-11D0-8D11-00A0C91BC942}") = "Lab5", "Lab5\Lab5.vcxproj", "{2229A05E-AF37-4A0A-BFC1-0ECF7FC819BB}"
EndProject
Project("{8BC9CEB8-8B4A-11D0-8D11-00A0C91BC942}") = "Lab7", "Lab7\Lab7.vcxproj", "{98A15330-0AE2-4060-8B1B-063D1A85AF42}"
EndProject
Project("{8BC9CEB8-8B4A-11D0-8D11-00A0C91BC942}") = "Lab8", "Lab8\Lab8.vcxproj", "{1F25B8B7-47A7-4699-906A-03ED1F158970}"
EndProject
Project("{8BC9CEB8-8B4A-11D0-8D11-00A0C91BC942}") = "Lab9", "Lab9\Lab9.vcxproj", "{A81E3A1B-2BE7-45BC-A014-735E3FE07ED0}"
EndProject
Project("{8BC9CEB8-8B4A-11D0-8D11-00A0C91BC942}") = "Lab6", "Lab6\Lab6.vcxproj", "{5FC2C980-8694-4D85-969B-E14F95C3E8AD}"
EndProject
Project("{8BC9CEB8-8B4A-11D0-8D11-00A0C91BC942}") = "Lab9+2", "Lab9+2\Lab9+2.vcxproj", "{102FE9C5-4344-440F-9DA8-1B7ADB4BE95A}"
EndProject
Project("{8BC9CEB8-8B4A-11D0-8D11-00A0C91BC942}") = "Lab9+3", "Lab9+3\Lab9+3.vcxproj", "{537A74AB-1044-49BB-BAD7-92D0F0DF9012}"
EndProject
Project("{8BC9CEB8-8B4A-11D0-8D11-00A0C91BC942}") = "Lab9+1", "Lab9+1\Lab9+1.vcxproj", "{EA6B001B-CAC1-4917-AB16-A896B440F88E}"
EndProject
Project("{8BC9CEB8-8B4A-11D0-8D11-00A0C91BC942}") = "test", "test\test.vcxproj", "{7D3B5940-FC24-45EF-AB40-E7D878C963C8}"
EndProject
Global
	GlobalSection(SolutionConfigurationPlatforms) = preSolution
		Debug|x64 = Debug|x64
		Debug|x86 = Debug|x86
		Release|x64 = Release|x64
		Release|x86 = Release|x86
	EndGlobalSection
	GlobalSection(ProjectConfigurationPlatforms) = postSolution
		{A25F5364-D75D-4F0C-89CD-3BFF78F219DD}.Debug|x64.ActiveCfg = Debug|x64
		{A25F5364-D75D-4F0C-89CD-3BFF78F219DD}.Debug|x64.Build.0 = Debug|x64
		{A25F5364-D75D-4F0C-89CD-3BFF78F219DD}.Debug|x86.ActiveCfg = Debug|Win32
		{A25F5364-D75D-4F0C-89CD-3BFF78F219DD}.Debug|x86.Build.0 = Debug|Win32
		{A25F5364-D75D-4F0C-89CD-3BFF78F219DD}.Release|x64.ActiveCfg = Release|x64
		{A25F5364-D75D-4F0C-89CD-3BFF78F219DD}.Release|x64.Build.0 = Release|x64
		{A25F5364-D75D-4F0C-89CD-3BFF78F219DD}.Release|x86.ActiveCfg = Release|Win32
		{A25F5364-D75D-4F0C-89CD-3BFF78F219DD}.Release|x86.Build.0 = Release|Win32
		{00B80C16-1458-429B-94B6-E6A745A35127}.Debug|x64.ActiveCfg = Debug|x64
		{00B80C16-1458-429B-94B6-E6A745A35127}.Debug|x64.Build.0 = Debug|x64
		{00B80C16-1458-429B-94B6-E6A745A35127}.Debug|x86.ActiveCfg = Debug|Win32
		{00B80C16-1458-429B-94B6-E6A745A35127}.Debug|x86.Build.0 = Debug|Win32
		{00B80C16-1458-429B-94B6-E6A745A35127}.Release|x64.ActiveCfg = Release|x64
		{00B80C16-1458-429B-94B6-E6A745A35127}.Release|x64.Build.0 = Release|x64
		{00B80C16-1458-429B-94B6-E6A745A35127}.Release|x86.ActiveCfg = Release|Win32
		{00B80C16-1458-429B-94B6-E6A745A35127}.Release|x86.Build.0 = Release|Win32
		{5F0407C4-AEFA-4EB1-A0C0-9F6102ED764C}.Debug|x64.ActiveCfg = Debug|x64
		{5F0407C4-AEFA-4EB1-A0C0-9F6102ED764C}.Debug|x64.Build.0 = Debug|x64
		{5F0407C4-AEFA-4EB1-A0C0-9F6102ED764C}.Debug|x86.ActiveCfg = Debug|Win32
		{5F0407C4-AEFA-4EB1-A0C0-9F6102ED764C}.Debug|x86.Build.0 = Debug|Win32
		{5F0407C4-AEFA-4EB1-A0C0-9F6102ED764C}.Release|x64.ActiveCfg = Release|x64
		{5F0407C4-AEFA-4EB1-A0C0-9F6102ED764C}.Release|x64.Build.0 = Release|x64
		{5F0407C4-AEFA-4EB1-A0C0-9F6102ED764C}.Release|x86.ActiveCfg = Release|Win32
		{5F0407C4-AEFA-4EB1-A0C0-9F6102ED764C}.Release|x86.Build.0 = Release|Win32
		{1D03E078-7712-4778-A93C-A74CC301B7C0}.Debug|x64.ActiveCfg = Debug|x64
		{1D03E078-7712-4778-A93C-A74CC301B7C0}.Debug|x64.Build.0 = Debug|x64
		{1D03E078-7712-4778-A93C-A74CC301B7C0}.Debug|x86.ActiveCfg = Debug|Win32
		{1D03E078-7712-4778-A93C-A74CC301B7C0}.Debug|x86.Build.0 = Debug|Win32
		{1D03E078-7712-4778-A93C-A74CC301B7C0}.Release|x64.ActiveCfg = Release|x64
		{1D03E078-7712-4778-A93C-A74CC301B7C0}.Release|x64.Build.0 = Release|x64
		{1D03E078-7712-4778-A93C-A74CC301B7C0}.Release|x86.ActiveCfg = Release|Win32
		{1D03E078-7712-4778-A93C-A74CC301B7C0}.Release|x86.Build.0 = Release|Win32
		{2229A05E-AF37-4A0A-BFC1-0ECF7FC819BB}.Debug|x64.ActiveCfg = Debug|x64
		{2229A05E-AF37-4A0A-BFC1-0ECF7FC819BB}.Debug|x64.Build.0 = Debug|x64
		{2229A05E-AF37-4A0A-BFC1-0ECF7FC819BB}.Debug|x86.ActiveCfg = Debug|Win32
		{2229A05E-AF37-4A0A-BFC1-0ECF7FC819BB}.Debug|x86.Build.0 = Debug|Win32
		{2229A05E-AF37-4A0A-BFC1-0ECF7FC819BB}.Release|x64.ActiveCfg = Release|x64
		{2229A05E-AF37-4A0A-BFC1-0ECF7FC819BB}.Release|x64.Build.0 = Release|x64
		{2229A05E-AF37-4A0A-BFC1-0ECF7FC819BB}.Release|x86.ActiveCfg = Release|Win32
		{2229A05E-AF37-4A0A-BFC1-0ECF7FC819BB}.Release|x86.Build.0 = Release|Win32
		{98A15330-0AE2-4060-8B1B-063D1A85AF42}.Debug|x64.ActiveCfg = Debug|x64
		{98A15330-0AE2-4060-8B1B-063D1A85AF42}.Debug|x64.Build.0 = Debug|x64
		{98A15330-0AE2-4060-8B1B-063D1A85AF42}.Debug|x86.ActiveCfg = Debug|Win32
		{98A15330-0AE2-4060-8B1B-063D1A85AF42}.Debug|x86.Build.0 = Debug|Win32
		{98A15330-0AE2-4060-8B1B-063D1A85AF42}.Release|x64.ActiveCfg = Release|x64
		{98A15330-0AE2-4060-8B1B-063D1A85AF42}.Release|x64.Build.0 = Release|x64
		{98A15330-0AE2-4060-8B1B-063D1A85AF42}.Release|x86.ActiveCfg = Release|Win32
		{98A15330-0AE2-4060-8B1B-063D1A85AF42}.Release|x86.Build.0 = Release|Win32
		{1F25B8B7-47A7-4699-906A-03ED1F158970}.Debug|x64.ActiveCfg = Debug|x64
		{1F25B8B7-47A7-4699-906A-03ED1F158970}.Debug|x64.Build.0 = Debug|x64
		{1F25B8B7-47A7-4699-906A-03ED1F158970}.Debug|x86.ActiveCfg = Debug|Win32
		{1F25B8B7-47A7-4699-906A-03ED1F158970}.Debug|x86.Build.0 = Debug|Win32
		{1F25B8B7-47A7-4699-906A-03ED1F158970}.Release|x64.ActiveCfg = Release|x64
		{1F25B8B7-47A7-4699-906A-03ED1F158970}.Release|x64.Build.0 = Release|x64
		{1F25B8B7-47A7-4699-906A-03ED1F158970}.Release|x86.ActiveCfg = Release|Win32
		{1F25B8B7-47A7-4699-906A-03ED1F158970}.Release|x86.Build.0 = Release|Win32
		{A81E3A1B-2BE7-45BC-A014-735E3FE07ED0}.Debug|x64.ActiveCfg = Debug|x64
		{A81E3A1B-2BE7-45BC-A014-735E3FE07ED0}.Debug|x64.Build.0 = Debug|x64
		{A81E3A1B-2BE7-45BC-A014-735E3FE07ED0}.Debug|x86.ActiveCfg = Debug|Win32
		{A81E3A1B-2BE7-45BC-A014-735E3FE07ED0}.Debug|x86.Build.0 = Debug|Win32
		{A81E3A1B-2BE7-45BC-A014-735E3FE07ED0}.Release|x64.ActiveCfg = Release|x64
		{A81E3A1B-2BE7-45BC-A014-735E3FE07ED0}.Release|x64.Build.0 = Release|x64
		{A81E3A1B-2BE7-45BC-A014-735E3FE07ED0}.Release|x86.ActiveCfg = Release|Win32
		{A81E3A1B-2BE7-45BC-A014-735E3FE07ED0}.Release|x86.Build.0 = Release|Win32
		{5FC2C980-8694-4D85-969B-E14F95C3E8AD}.Debug|x64.ActiveCfg = Debug|x64
		{5FC2C980-8694-4D85-969B-E14F95C3E8AD}.Debug|x64.Build.0 = Debug|x64
		{5FC2C980-8694-4D85-969B-E14F95C3E8AD}.Debug|x86.ActiveCfg = Debug|Win32
		{5FC2C980-8694-4D85-969B-E14F95C3E8AD}.Debug|x86.Build.0 = Debug|Win32
		{5FC2C980-8694-4D85-969B-E14F95C3E8AD}.Release|x64.ActiveCfg = Release|x64
		{5FC2C980-8694-4D85-969B-E14F95C3E8AD}.Release|x64.Build.0 = Release|x64
		{5FC2C980-8694-4D85-969B-E14F95C3E8AD}.Release|x86.ActiveCfg = Release|Win32
		{5FC2C980-8694-4D85-969B-E14F95C3E8AD}.Release|x86.Build.0 = Release|Win32
		{102FE9C5-4344-440F-9DA8-1B7ADB4BE95A}.Debug|x64.ActiveCfg = Debug|x64
		{102FE9C5-4344-440F-9DA8-1B7ADB4BE95A}.Debug|x64.Build.0 = Debug|x64
		{102FE9C5-4344-440F-9DA8-1B7ADB4BE95A}.Debug|x86.ActiveCfg = Debug|Win32
		{102FE9C5-4344-440F-9DA8-1B7ADB4BE95A}.Debug|x86.Build.0 = Debug|Win32
		{102FE9C5-4344-440F-9DA8-1B7ADB4BE95A}.Release|x64.ActiveCfg = Release|x64
		{102FE9C5-4344-440F-9DA8-1B7ADB4BE95A}.Release|x64.Build.0 = Release|x64
		{102FE9C5-4344-440F-9DA8-1B7ADB4BE95A}.Release|x86.ActiveCfg = Release|Win32
		{102FE9C5-4344-440F-9DA8-1B7ADB4BE95A}.Release|x86.Build.0 = Release|Win32
		{537A74AB-1044-49BB-BAD7-92D0F0DF9012}.Debug|x64.ActiveCfg = Debug|x64
		{537A74AB-1044-49BB-BAD7-92D0F0DF9012}.Debug|x64.Build.0 = Debug|x64
		{537A74AB-1044-49BB-BAD7-92D0F0DF9012}.Debug|x86.ActiveCfg = Debug|Win32
		{537A74AB-1044-49BB-BAD7-92D0F0DF9012}.Debug|x86.Build.0 = Debug|Win32
		{537A74AB-1044-49BB-BAD7-92D0F0DF9012}.Release|x64.ActiveCfg = Release|x64
		{537A74AB-1044-49BB-BAD7-92D0F0DF9012}.Release|x64.Build.0 = Release|x64
		{537A74AB-1044-49BB-BAD7-92D0F0DF9012}.Release|x86.ActiveCfg = Release|Win32
		{537A74AB-1044-49BB-BAD7-92D0F0DF9012}.Release|x86.Build.0 = Release|Win32
		{EA6B001B-CAC1-4917-AB16-A896B440F88E}.Debug|x64.ActiveCfg = Debug|x64
		{EA6B001B-CAC1-4917-AB16-A896B440F88E}.Debug|x64.Build.0 = Debug|x64
		{EA6B001B-CAC1-4917-AB16-A896B440F88E}.Debug|x86.ActiveCfg = Debug|Win32
		{EA6B001B-CAC1-4917-AB16-A896B440F88E}.Debug|x86.Build.0 = Debug|Win32
		{EA6B001B-CAC1-4917-AB16-A896B440F88E}.Release|x64.ActiveCfg = Release|x64
		{EA6B001B-CAC1-4917-AB16-A896B440F88E}.Release|x64.Build.0 = Release|x64
		{EA6B001B-CAC1-4917-AB16-A896B440F88E}.Release|x86.ActiveCfg = Release|Win32
		{EA6B001B-CAC1-4917-AB16-A896B440F88E}.Release|x86.Build.0 = Release|Win32
		{7D3B5940-FC24-45EF-AB40-E7D878C963C8}.Debug|x64.ActiveCfg = Debug|x64
		{7D3B5940-FC24-45EF-AB40-E7D878C963C8}.Debug|x64.Build.0 = Debug|x64
		{7D3B5940-FC24-45EF-AB40-E7D878C963C8}.Debug|x86.ActiveCfg = Debug|Win32
		{7D3B5940-FC24-45EF-AB40-E7D878C963C8}.Debug|x86.Build.0 = Debug|Win32
		{7D3B5940-FC24-45EF-AB40-E7D878C963C8}.Release|x64.ActiveCfg = Release|x64
		{7D3B5940-FC24-45EF-AB40-E7D878C963C8}.Release|x64.Build.0 = Release|x64
		{7D3B5940-FC24-45EF-AB40-E7D878C963C8}.Release|x86.ActiveCfg = Release|Win32
		{7D3B5940-FC24-45EF-AB40-E7D878C963C8}.Release|x86.Build.0 = Release|Win32
	EndGlobalSection
	GlobalSection(SolutionProperties) = preSolution
		HideSolutionNode = FALSE
	EndGlobalSection
	GlobalSection(ExtensibilityGlobals) = postSolution
		SolutionGuid = {4E080A18-3C17-4FC9-BAB7-34ED59531960}
	EndGlobalSection
EndGlobal
